{
  "name": "@arbetsmyra/renovate-config",
  "version": "1.2.0",
  "lockfileVersion": 1,
  "requires": true,
  "dependencies": {
    "@arbetsmyra/prettier-config": {
      "version": "1.0.3",
      "resolved": "https://registry.npmjs.org/@arbetsmyra/prettier-config/-/prettier-config-1.0.3.tgz",
      "integrity": "sha512-Eh9uBiA7hAGxmd2jgWKcqq9gLlO1E0pfplTWODGj8x+FVC6GsXLAYpN9nlFGj4MY/BpIEB+9VjNegluRp3fxlw==",
      "dev": true
    },
    "prettier": {
      "version": "2.0.4",
      "resolved": "https://registry.npmjs.org/prettier/-/prettier-2.0.4.tgz",
      "integrity": "sha512-SVJIQ51spzFDvh4fIbCLvciiDMCrRhlN3mbZvv/+ycjvmF5E73bKdGfU8QDLNmjYJf+lsGnDBC4UUnvTe5OO0w==",
      "dev": true
    }
  }
}
